// !$*UTF8*$!
{
	archiveVersion = 1;
	classes = {
	};
	objectVersion = 46;
	objects = {

/* Begin PBXBuildFile section */
		7CBAEAC91A16E2F300A88622 /* AppDelegate.swift in Sources */ = {isa = PBXBuildFile; fileRef = 7CBAEAC81A16E2F300A88622 /* AppDelegate.swift */; };
		7CBAEACB1A16E2F300A88622 /* ViewController.swift in Sources */ = {isa = PBXBuildFile; fileRef = 7CBAEACA1A16E2F300A88622 /* ViewController.swift */; };
		7CBAEACE1A16E2F300A88622 /* Main.storyboard in Resources */ = {isa = PBXBuildFile; fileRef = 7CBAEACC1A16E2F300A88622 /* Main.storyboard */; };
		7CBAEAD01A16E2F300A88622 /* Images.xcassets in Resources */ = {isa = PBXBuildFile; fileRef = 7CBAEACF1A16E2F300A88622 /* Images.xcassets */; };
		7CBAEAD31A16E2F300A88622 /* LaunchScreen.xib in Resources */ = {isa = PBXBuildFile; fileRef = 7CBAEAD11A16E2F300A88622 /* LaunchScreen.xib */; };
		7CBAEADF1A16E2F300A88622 /* CustomFontTests.swift in Sources */ = {isa = PBXBuildFile; fileRef = 7CBAEADE1A16E2F300A88622 /* CustomFontTests.swift */; };
/* End PBXBuildFile section */

/* Begin PBXContainerItemProxy section */
		7CBAEAD91A16E2F300A88622 /* PBXContainerItemProxy */ = {
			isa = PBXContainerItemProxy;
			containerPortal = 7CBAEABB1A16E2F300A88622 /* Project object */;
			proxyType = 1;
			remoteGlobalIDString = 7CBAEAC21A16E2F300A88622;
			remoteInfo = CustomFont;
		};
/* End PBXContainerItemProxy section */

/* Begin PBXFileReference section */
		7CBAEAC31A16E2F300A88622 /* CustomFont.app */ = {isa = PBXFileReference; explicitFileType = wrapper.application; includeInIndex = 0; path = CustomFont.app; sourceTree = BUILT_PRODUCTS_DIR; };
		7CBAEAC71A16E2F300A88622 /* Info.plist */ = {isa = PBXFileReference; lastKnownFileType = text.plist.xml; path = Info.plist; sourceTree = "<group>"; };
		7CBAEAC81A16E2F300A88622 /* AppDelegate.swift */ = {isa = PBXFileReference; lastKnownFileType = sourcecode.swift; path = AppDelegate.swift; sourceTree = "<group>"; };
		7CBAEACA1A16E2F300A88622 /* ViewController.swift */ = {isa = PBXFileReference; lastKnownFileType = sourcecode.swift; path = ViewController.swift; sourceTree = "<group>"; };
		7CBAEACD1A16E2F300A88622 /* Base */ = {isa = PBXFileReference; lastKnownFileType = file.storyboard; name = Base; path = Base.lproj/Main.storyboard; sourceTree = "<group>"; };
		7CBAEACF1A16E2F300A88622 /* Images.xcassets */ = {isa = PBXFileReference; lastKnownFileType = folder.assetcatalog; path = Images.xcassets; sourceTree = "<group>"; };
		7CBAEAD21A16E2F300A88622 /* Base */ = {isa = PBXFileReference; lastKnownFileType = file.xib; name = Base; path = Base.lproj/LaunchScreen.xib; sourceTree = "<group>"; };
		7CBAEAD81A16E2F300A88622 /* CustomFontTests.xctest */ = {isa = PBXFileReference; explicitFileType = wrapper.cfbundle; includeInIndex = 0; path = CustomFontTests.xctest; sourceTree = BUILT_PRODUCTS_DIR; };
		7CBAEADD1A16E2F300A88622 /* Info.plist */ = {isa = PBXFileReference; lastKnownFileType = text.plist.xml; path = Info.plist; sourceTree = "<group>"; };
		7CBAEADE1A16E2F300A88622 /* CustomFontTests.swift */ = {isa = PBXFileReference; lastKnownFileType = sourcecode.swift; path = CustomFontTests.swift; sourceTree = "<group>"; };
/* End PBXFileReference section */

/* Begin PBXFrameworksBuildPhase section */
		7CBAEAC01A16E2F300A88622 /* Frameworks */ = {
			isa = PBXFrameworksBuildPhase;
			buildActionMask = 2147483647;
			files = (
			);
			runOnlyForDeploymentPostprocessing = 0;
		};
		7CBAEAD51A16E2F300A88622 /* Frameworks */ = {
			isa = PBXFrameworksBuildPhase;
			buildActionMask = 2147483647;
			files = (
			);
			runOnlyForDeploymentPostprocessing = 0;
		};
/* End PBXFrameworksBuildPhase section */

/* Begin PBXGroup section */
		7CBAEABA1A16E2F300A88622 = {
			isa = PBXGroup;
			children = (
				7CBAEAC51A16E2F300A88622 /* CustomFont */,
				7CBAEADB1A16E2F300A88622 /* CustomFontTests */,
				7CBAEAC41A16E2F300A88622 /* Products */,
			);
			sourceTree = "<group>";
		};
		7CBAEAC41A16E2F300A88622 /* Products */ = {
			isa = PBXGroup;
			children = (
				7CBAEAC31A16E2F300A88622 /* CustomFont.app */,
				7CBAEAD81A16E2F300A88622 /* CustomFontTests.xctest */,
			);
			name = Products;
			sourceTree = "<group>";
		};
		7CBAEAC51A16E2F300A88622 /* CustomFont */ = {
			isa = PBXGroup;
			children = (
				7CBAEAC81A16E2F300A88622 /* AppDelegate.swift */,
				7CBAEACA1A16E2F300A88622 /* ViewController.swift */,
				7CBAEACC1A16E2F300A88622 /* Main.storyboard */,
				7CBAEACF1A16E2F300A88622 /* Images.xcassets */,
				7CBAEAD11A16E2F300A88622 /* LaunchScreen.xib */,
				7CBAEAC61A16E2F300A88622 /* Supporting Files */,
			);
			path = CustomFont;
			sourceTree = "<group>";
		};
		7CBAEAC61A16E2F300A88622 /* Supporting Files */ = {
			isa = PBXGroup;
			children = (
				7CBAEAC71A16E2F300A88622 /* Info.plist */,
			);
			name = "Supporting Files";
			sourceTree = "<group>";
		};
		7CBAEADB1A16E2F300A88622 /* CustomFontTests */ = {
			isa = PBXGroup;
			children = (
				7CBAEADE1A16E2F300A88622 /* CustomFontTests.swift */,
				7CBAEADC1A16E2F300A88622 /* Supporting Files */,
			);
			path = CustomFontTests;
			sourceTree = "<group>";
		};
		7CBAEADC1A16E2F300A88622 /* Supporting Files */ = {
			isa = PBXGroup;
			children = (
				7CBAEADD1A16E2F300A88622 /* Info.plist */,
			);
			name = "Supporting Files";
			sourceTree = "<group>";
		};
/* End PBXGroup section */

/* Begin PBXNativeTarget section */
		7CBAEAC21A16E2F300A88622 /* CustomFont */ = {
			isa = PBXNativeTarget;
			buildConfigurationList = 7CBAEAE21A16E2F300A88622 /* Build configuration list for PBXNativeTarget "CustomFont" */;
			buildPhases = (
				7CBAEABF1A16E2F300A88622 /* Sources */,
				7CBAEAC01A16E2F300A88622 /* Frameworks */,
				7CBAEAC11A16E2F300A88622 /* Resources */,
			);
			buildRules = (
			);
			dependencies = (
			);
			name = CustomFont;
			productName = CustomFont;
			productReference = 7CBAEAC31A16E2F300A88622 /* CustomFont.app */;
			productType = "com.apple.product-type.application";
		};
		7CBAEAD71A16E2F300A88622 /* CustomFontTests */ = {
			isa = PBXNativeTarget;
			buildConfigurationList = 7CBAEAE51A16E2F300A88622 /* Build configuration list for PBXNativeTarget "CustomFontTests" */;
			buildPhases = (
				7CBAEAD41A16E2F300A88622 /* Sources */,
				7CBAEAD51A16E2F300A88622 /* Frameworks */,
				7CBAEAD61A16E2F300A88622 /* Resources */,
			);
			buildRules = (
			);
			dependencies = (
				7CBAEADA1A16E2F300A88622 /* PBXTargetDependency */,
			);
			name = CustomFontTests;
			productName = CustomFontTests;
			productReference = 7CBAEAD81A16E2F300A88622 /* CustomFontTests.xctest */;
			productType = "com.apple.product-type.bundle.unit-test";
		};
/* End PBXNativeTarget section */

/* Begin PBXProject section */
		7CBAEABB1A16E2F300A88622 /* Project object */ = {
			isa = PBXProject;
			attributes = {
				LastUpgradeCheck = 0610;
				ORGANIZATIONNAME = JNYJ;
				TargetAttributes = {
					7CBAEAC21A16E2F300A88622 = {
						CreatedOnToolsVersion = 6.1;
					};
					7CBAEAD71A16E2F300A88622 = {
						CreatedOnToolsVersion = 6.1;
						TestTargetID = 7CBAEAC21A16E2F300A88622;
					};
				};
			};
			buildConfigurationList = 7CBAEABE1A16E2F300A88622 /* Build configuration list for PBXProject "CustomFont" */;
			compatibilityVersion = "Xcode 3.2";
			developmentRegion = English;
			hasScannedForEncodings = 0;
			knownRegions = (
				en,
				Base,
			);
			mainGroup = 7CBAEABA1A16E2F300A88622;
			productRefGroup = 7CBAEAC41A16E2F300A88622 /* Products */;
			projectDirPath = "";
			projectRoot = "";
			targets = (
				7CBAEAC21A16E2F300A88622 /* CustomFont */,
				7CBAEAD71A16E2F300A88622 /* CustomFontTests */,
			);
		};
/* End PBXProject section */

/* Begin PBXResourcesBuildPhase section */
		7CBAEAC11A16E2F300A88622 /* Resources */ = {
			isa = PBXResourcesBuildPhase;
			buildActionMask = 2147483647;
			files = (
				7CBAEACE1A16E2F300A88622 /* Main.storyboard in Resources */,
				7CBAEAD31A16E2F300A88622 /* LaunchScreen.xib in Resources */,
				7CBAEAD01A16E2F300A88622 /* Images.xcassets in Resources */,
			);
			runOnlyForDeploymentPostprocessing = 0;
		};
		7CBAEAD61A16E2F300A88622 /* Resources */ = {
			isa = PBXResourcesBuildPhase;
			buildActionMask = 2147483647;
			files = (
			);
			runOnlyForDeploymentPostprocessing = 0;
		};
/* End PBXResourcesBuildPhase section */

/* Begin PBXSourcesBuildPhase section */
		7CBAEABF1A16E2F300A88622 /* Sources */ = {
			isa = PBXSourcesBuildPhase;
			buildActionMask = 2147483647;
			files = (
				7CBAEACB1A16E2F300A88622 /* ViewController.swift in Sources */,
				7CBAEAC91A16E2F300A88622 /* AppDelegate.swift in Sources */,
			);
			runOnlyForDeploymentPostprocessing = 0;
		};
		7CBAEAD41A16E2F300A88622 /* Sources */ = {
			isa = PBXSourcesBuildPhase;
			buildActionMask = 2147483647;
			files = (
				7CBAEADF1A16E2F300A88622 /* CustomFontTests.swift in Sources */,
			);
			runOnlyForDeploymentPostprocessing = 0;
		};
/* End PBXSourcesBuildPhase section */

/* Begin PBXTargetDependency section */
		7CBAEADA1A16E2F300A88622 /* PBXTargetDependency */ = {
			isa = PBXTargetDependency;
			target = 7CBAEAC21A16E2F300A88622 /* CustomFont */;
			targetProxy = 7CBAEAD91A16E2F300A88622 /* PBXContainerItemProxy */;
		};
/* End PBXTargetDependency section */

/* Begin PBXVariantGroup section */
		7CBAEACC1A16E2F300A88622 /* Main.storyboard */ = {
			isa = PBXVariantGroup;
			children = (
				7CBAEACD1A16E2F300A88622 /* Base */,
			);
			name = Main.storyboard;
			sourceTree = "<group>";
		};
		7CBAEAD11A16E2F300A88622 /* LaunchScreen.xib */ = {
			isa = PBXVariantGroup;
			children = (
				7CBAEAD21A16E2F300A88622 /* Base */,
			);
			name = LaunchScreen.xib;
			sourceTree = "<group>";
		};
/* End PBXVariantGroup section */

/* Begin XCBuildConfiguration section */
		7CBAEAE01A16E2F300A88622 /* Debug */ = {
			isa = XCBuildConfiguration;
			buildSettings = {
				ALWAYS_SEARCH_USER_PATHS = NO;
				CLANG_CXX_LANGUAGE_STANDARD = "gnu++0x";
				CLANG_CXX_LIBRARY = "libc++";
				CLANG_ENABLE_MODULES = YES;
				CLANG_ENABLE_OBJC_ARC = YES;
				CLANG_WARN_BOOL_CONVERSION = YES;
				CLANG_WARN_CONSTANT_CONVERSION = YES;
				CLANG_WARN_DIRECT_OBJC_ISA_USAGE = YES_ERROR;
				CLANG_WARN_EMPTY_BODY = YES;
				CLANG_WARN_ENUM_CONVERSION = YES;
				CLANG_WARN_INT_CONVERSION = YES;
				CLANG_WARN_OBJC_ROOT_CLASS = YES_ERROR;
				CLANG_WARN_UNREACHABLE_CODE = YES;
				CLANG_WARN__DUPLICATE_METHOD_MATCH = YES;
				"CODE_SIGN_IDENTITY[sdk=iphoneos*]" = "iPhone Developer";
				COPY_PHASE_STRIP = NO;
				ENABLE_STRICT_OBJC_MSGSEND = YES;
				GCC_C_LANGUAGE_STANDARD = gnu99;
				GCC_DYNAMIC_NO_PIC = NO;
				GCC_OPTIMIZATION_LEVEL = 0;
				GCC_PREPROCESSOR_DEFINITIONS = (
					"DEBUG=1",
					"$(inherited)",
				);
				GCC_SYMBOLS_PRIVATE_EXTERN = NO;
				GCC_WARN_64_TO_32_BIT_CONVERSION = YES;
				GCC_WARN_ABOUT_RETURN_TYPE = YES_ERROR;
				GCC_WARN_UNDECLARED_SELECTOR = YES;
				GCC_WARN_UNINITIALIZED_AUTOS = YES_AGGRESSIVE;
				GCC_WARN_UNUSED_FUNCTION = YES;
				GCC_WARN_UNUSED_VARIABLE = YES;
				IPHONEOS_DEPLOYMENT_TARGET = 8.1;
				MTL_ENABLE_DEBUG_INFO = YES;
				ONLY_ACTIVE_ARCH = YES;
				SDKROOT = iphoneos;
				SWIFT_OPTIMIZATION_LEVEL = "-Onone";
				TARGETED_DEVICE_FAMILY = "1,2";
			};
			name = Debug;
		};
		7CBAEAE11A16E2F300A88622 /* Release */ = {
			isa = XCBuildConfiguration;
			buildSettings = {
				ALWAYS_SEARCH_USER_PATHS = NO;
				CLANG_CXX_LANGUAGE_STANDARD = "gnu++0x";
				CLANG_CXX_LIBRARY = "libc++";
				CLANG_ENABLE_MODULES = YES;
				CLANG_ENABLE_OBJC_ARC = YES;
				CLANG_WARN_BOOL_CONVERSION = YES;
				CLANG_WARN_CONSTANT_CONVERSION = YES;
				CLANG_WARN_DIRECT_OBJC_ISA_USAGE = YES_ERROR;
				CLANG_WARN_EMPTY_BODY = YES;
				CLANG_WARN_ENUM_CONVERSION = YES;
				CLANG_WARN_INT_CONVERSION = YES;
				CLANG_WARN_OBJC_ROOT_CLASS = YES_ERROR;
				CLANG_WARN_UNREACHABLE_CODE = YES;
				CLANG_WARN__DUPLICATE_METHOD_MATCH = YES;
				"CODE_SIGN_IDENTITY[sdk=iphoneos*]" = "iPhone Developer";
				COPY_PHASE_STRIP = YES;
				ENABLE_NS_ASSERTIONS = NO;
				ENABLE_STRICT_OBJC_MSGSEND = YES;
				GCC_C_LANGUAGE_STANDARD = gnu99;
				GCC_WARN_64_TO_32_BIT_CONVERSION = YES;
				GCC_WARN_ABOUT_RETURN_TYPE = YES_ERROR;
				GCC_WARN_UNDECLARED_SELECTOR = YES;
				GCC_WARN_UNINITIALIZED_AUTOS = YES_AGGRESSIVE;
				GCC_WARN_UNUSED_FUNCTION = YES;
				GCC_WARN_UNUSED_VARIABLE = YES;
				IPHONEOS_DEPLOYMENT_TARGET = 8.1;
				MTL_ENABLE_DEBUG_INFO = NO;
				SDKROOT = iphoneos;
				TARGETED_DEVICE_FAMILY = "1,2";
				VALIDATE_PRODUCT = YES;
			};
			name = Release;
		};
		7CBAEAE31A16E2F300A88622 /* Debug */ = {
			isa = XCBuildConfiguration;
			buildSettings = {
				ASSETCATALOG_COMPILER_APPICON_NAME = AppIcon;
				INFOPLIST_FILE = CustomFont/Info.plist;
				LD_RUNPATH_SEARCH_PATHS = "$(inherited) @executable_path/Frameworks";
				PRODUCT_NAME = "$(TARGET_NAME)";
			};
			name = Debug;
		};
		7CBAEAE41A16E2F300A88622 /* Release */ = {
			isa = XCBuildConfiguration;
			buildSettings = {
				ASSETCATALOG_COMPILER_APPICON_NAME = AppIcon;
				INFOPLIST_FILE = CustomFont/Info.plist;
				LD_RUNPATH_SEARCH_PATHS = "$(inherited) @executable_path/Frameworks";
				PRODUCT_NAME = "$(TARGET_NAME)";
			};
			name = Release;
		};
		7CBAEAE61A16E2F300A88622 /* Debug */ = {
			isa = XCBuildConfiguration;
			buildSettings = {
				BUNDLE_LOADER = "$(TEST_HOST)";
				FRAMEWORK_SEARCH_PATHS = (
					"$(SDKROOT)/Developer/Library/Frameworks",
					"$(inherited)",
				);
				GCC_PREPROCESSOR_DEFINITIONS = (
					"DEBUG=1",
					"$(inherited)",
				);
				INFOPLIST_FILE = CustomFontTests/Info.plist;
				LD_RUNPATH_SEARCH_PATHS = "$(inherited) @executable_path/Frameworks @loader_path/Frameworks";
				PRODUCT_NAME = "$(TARGET_NAME)";
				TEST_HOST = "$(BUILT_PRODUCTS_DIR)/CustomFont.app/CustomFont";
			};
			name = Debug;
		};
		7CBAEAE71A16E2F300A88622 /* Release */ = {
			isa = XCBuildConfiguration;
			buildSettings = {
				BUNDLE_LOADER = "$(TEST_HOST)";
				FRAMEWORK_SEARCH_PATHS = (
					"$(SDKROOT)/Developer/Library/Frameworks",
					"$(inherited)",
				);
				INFOPLIST_FILE = CustomFontTests/Info.plist;
				LD_RUNPATH_SEARCH_PATHS = "$(inherited) @executable_path/Frameworks @loader_path/Frameworks";
				PRODUCT_NAME = "$(TARGET_NAME)";
				TEST_HOST = "$(BUILT_PRODUCTS_DIR)/CustomFont.app/CustomFont";
			};
			name = Release;
		};
/* End XCBuildConfiguration section */

/* Begin XCConfigurationList section */
		7CBAEABE1A16E2F300A88622 /* Build configuration list for PBXProject "CustomFont" */ = {
			isa = XCConfigurationList;
			buildConfigurations = (
				7CBAEAE01A16E2F300A88622 /* Debug */,
				7CBAEAE11A16E2F300A88622 /* Release */,
			);
			defaultConfigurationIsVisible = 0;
			defaultConfigurationName = Release;
		};
		7CBAEAE21A16E2F300A88622 /* Build configuration list for PBXNativeTarget "CustomFont" */ = {
			isa = XCConfigurationList;
			buildConfigurations = (
				7CBAEAE31A16E2F300A88622 /* Debug */,
				7CBAEAE41A16E2F300A88622 /* Release */,
			);
			defaultConfigurationIsVisible = 0;
		};
		7CBAEAE51A16E2F300A88622 /* Build configuration list for PBXNativeTarget "CustomFontTests" */ = {
			isa = XCConfigurationList;
			buildConfigurations = (
				7CBAEAE61A16E2F300A88622 /* Debug */,
				7CBAEAE71A16E2F300A88622 /* Release */,
			);
			defaultConfigurationIsVisible = 0;
		};
/* End XCConfigurationList section */
	};
	rootObject = 7CBAEABB1A16E2F300A88622 /* Project object */;
}
